
Microsoft Visual Studio Solution File, Format Version 12.00
# Visual Studio Version 17
VisualStudioVersion = 17.10.34928.147
MinimumVisualStudioVersion = 10.0.40219.1
Project("{FAE04EC0-301F-11D3-BF4B-00C04F79EFBC}") = "dioProjeto", "dioProjeto\dioProjeto.csproj", "{02DB3267-2829-472A-92EB-05C595CAA52F}"
EndProject
Project("{FAE04EC0-301F-11D3-BF4B-00C04F79EFBC}") = "XUnitProjetoDio", "XUnitProjetoDio\XUnitProjetoDio.csproj", "{A6F8E669-3962-4828-BD38-80652B294EF1}"
EndProject
Global
	GlobalSection(SolutionConfigurationPlatforms) = preSolution
		Debug|Any CPU = Debug|Any CPU
		Release|Any CPU = Release|Any CPU
	EndGlobalSection
	GlobalSection(ProjectConfigurationPlatforms) = postSolution
		{02DB3267-2829-472A-92EB-05C595CAA52F}.Debug|Any CPU.ActiveCfg = Debug|Any CPU
		{02DB3267-2829-472A-92EB-05C595CAA52F}.Debug|Any CPU.Build.0 = Debug|Any CPU
		{02DB3267-2829-472A-92EB-05C595CAA52F}.Release|Any CPU.ActiveCfg = Release|Any CPU
		{02DB3267-2829-472A-92EB-05C595CAA52F}.Release|Any CPU.Build.0 = Release|Any CPU
		{A6F8E669-3962-4828-BD38-80652B294EF1}.Debug|Any CPU.ActiveCfg = Debug|Any CPU
		{A6F8E669-3962-4828-BD38-80652B294EF1}.Debug|Any CPU.Build.0 = Debug|Any CPU
		{A6F8E669-3962-4828-BD38-80652B294EF1}.Release|Any CPU.ActiveCfg = Release|Any CPU
		{A6F8E669-3962-4828-BD38-80652B294EF1}.Release|Any CPU.Build.0 = Release|Any CPU
	EndGlobalSection
	GlobalSection(SolutionProperties) = preSolution
		HideSolutionNode = FALSE
	EndGlobalSection
	GlobalSection(ExtensibilityGlobals) = postSolution
		SolutionGuid = {04A8D01D-0D11-48A6-A785-DD1BBB57CD29}
	EndGlobalSection
EndGlobal
